
Microsoft Visual Studio Solution File, Format Version 12.00
# Visual Studio Version 17
VisualStudioVersion = 17.7.34018.315
MinimumVisualStudioVersion = 10.0.40219.1
Project("{FAE04EC0-301F-11D3-BF4B-00C04F79EFBC}") = "inluppg1.1", "inluppg1.1\inluppg1.1.csproj", "{7437AB7E-C710-4219-8D87-CF31B9611BD4}"
EndProject
Global
	GlobalSection(SolutionConfigurationPlatforms) = preSolution
		Debug|Any CPU = Debug|Any CPU
		Release|Any CPU = Release|Any CPU
	EndGlobalSection
	GlobalSection(ProjectConfigurationPlatforms) = postSolution
		{7437AB7E-C710-4219-8D87-CF31B9611BD4}.Debug|Any CPU.ActiveCfg = Debug|Any CPU
		{7437AB7E-C710-4219-8D87-CF31B9611BD4}.Debug|Any CPU.Build.0 = Debug|Any CPU
		{7437AB7E-C710-4219-8D87-CF31B9611BD4}.Release|Any CPU.ActiveCfg = Release|Any CPU
		{7437AB7E-C710-4219-8D87-CF31B9611BD4}.Release|Any CPU.Build.0 = Release|Any CPU
	EndGlobalSection
	GlobalSection(SolutionProperties) = preSolution
		HideSolutionNode = FALSE
	EndGlobalSection
	GlobalSection(ExtensibilityGlobals) = postSolution
		SolutionGuid = {33EFD85C-4595-4990-A06B-EBC6D3D688DA}
	EndGlobalSection
EndGlobal
